<?xml version="1.0" encoding="utf-8"?>
<Project ToolsVersion="4.0" xmlns="http://schemas.microsoft.com/developer/msbuild/2003">
  <ItemGroup>
    <Filter Include="src">
      <UniqueIdentifier>{26e2927f-d344-46da-934a-19e72a561cb9}</UniqueIdentifier>
      <Extensions>\src\</Extensions>
    </Filter>
  </ItemGroup>
  <ItemGroup>
    <ClInclude Include="src\Precompiled.h">
      <Filter>src</Filter>
    </ClInclude>
    <ClInclude Include="src\Datatypes.h">
      <Filter>src</Filter>
    </ClInclude>
  </ItemGroup>
  <ItemGroup>
    <ClCompile Include="src\Main.cpp">
      <Filter>src</Filter>
    </ClCompile>
  </ItemGroup>
</Project>